
Microsoft Visual Studio Solution File, Format Version 12.00
# Visual Studio Version 17
VisualStudioVersion = 17.10.35027.167
MinimumVisualStudioVersion = 10.0.40219.1
Project("{FAE04EC0-301F-11D3-BF4B-00C04F79EFBC}") = "ResistorsWithUI", "ResistorsWithUI.csproj", "{79A142F4-9AAD-478E-A700-566F1400BEAC}"
EndProject
Global
	GlobalSection(SolutionConfigurationPlatforms) = preSolution
		Debug|Any CPU = Debug|Any CPU
		Release|Any CPU = Release|Any CPU
	EndGlobalSection
	GlobalSection(ProjectConfigurationPlatforms) = postSolution
		{79A142F4-9AAD-478E-A700-566F1400BEAC}.Debug|Any CPU.ActiveCfg = Debug|Any CPU
		{79A142F4-9AAD-478E-A700-566F1400BEAC}.Debug|Any CPU.Build.0 = Debug|Any CPU
		{79A142F4-9AAD-478E-A700-566F1400BEAC}.Release|Any CPU.ActiveCfg = Release|Any CPU
		{79A142F4-9AAD-478E-A700-566F1400BEAC}.Release|Any CPU.Build.0 = Release|Any CPU
	EndGlobalSection
	GlobalSection(SolutionProperties) = preSolution
		HideSolutionNode = FALSE
	EndGlobalSection
	GlobalSection(ExtensibilityGlobals) = postSolution
		SolutionGuid = {1FA5AC3E-6423-4A4A-840B-83C4049156BF}
	EndGlobalSection
EndGlobal
